
Microsoft Visual Studio Solution File, Format Version 12.00
# Visual Studio Version 17
VisualStudioVersion = 17.14.36212.18 d17.14
MinimumVisualStudioVersion = 10.0.40219.1
Project("{FAE04EC0-301F-11D3-BF4B-00C04F79EFBC}") = "ARM.Client", "ARM.Client\ARM.Client.csproj", "{0019C3A4-89C4-4382-9FCB-5115E2B625EE}"
EndProject
Project("{FAE04EC0-301F-11D3-BF4B-00C04F79EFBC}") = "ARM.Core", "ARM.Core\ARM.Core.csproj", "{AE2BA58E-9D76-4194-ACF0-71F842C1E8B1}"
EndProject
Project("{FAE04EC0-301F-11D3-BF4B-00C04F79EFBC}") = "ARM.Data", "ARM.Data\ARM.Data.csproj", "{9496119A-FC80-47ED-BB2F-600A3CC9A427}"
EndProject
Global
	GlobalSection(SolutionConfigurationPlatforms) = preSolution
		Debug|Any CPU = Debug|Any CPU
		Release|Any CPU = Release|Any CPU
	EndGlobalSection
	GlobalSection(ProjectConfigurationPlatforms) = postSolution
		{0019C3A4-89C4-4382-9FCB-5115E2B625EE}.Debug|Any CPU.ActiveCfg = Debug|Any CPU
		{0019C3A4-89C4-4382-9FCB-5115E2B625EE}.Debug|Any CPU.Build.0 = Debug|Any CPU
		{0019C3A4-89C4-4382-9FCB-5115E2B625EE}.Release|Any CPU.ActiveCfg = Release|Any CPU
		{0019C3A4-89C4-4382-9FCB-5115E2B625EE}.Release|Any CPU.Build.0 = Release|Any CPU
		{AE2BA58E-9D76-4194-ACF0-71F842C1E8B1}.Debug|Any CPU.ActiveCfg = Debug|Any CPU
		{AE2BA58E-9D76-4194-ACF0-71F842C1E8B1}.Debug|Any CPU.Build.0 = Debug|Any CPU
		{AE2BA58E-9D76-4194-ACF0-71F842C1E8B1}.Release|Any CPU.ActiveCfg = Release|Any CPU
		{AE2BA58E-9D76-4194-ACF0-71F842C1E8B1}.Release|Any CPU.Build.0 = Release|Any CPU
		{9496119A-FC80-47ED-BB2F-600A3CC9A427}.Debug|Any CPU.ActiveCfg = Debug|Any CPU
		{9496119A-FC80-47ED-BB2F-600A3CC9A427}.Debug|Any CPU.Build.0 = Debug|Any CPU
		{9496119A-FC80-47ED-BB2F-600A3CC9A427}.Release|Any CPU.ActiveCfg = Release|Any CPU
		{9496119A-FC80-47ED-BB2F-600A3CC9A427}.Release|Any CPU.Build.0 = Release|Any CPU
	EndGlobalSection
	GlobalSection(SolutionProperties) = preSolution
		HideSolutionNode = FALSE
	EndGlobalSection
	GlobalSection(ExtensibilityGlobals) = postSolution
		SolutionGuid = {7CC2CFDA-08F5-4FF4-A261-E847EE464D01}
	EndGlobalSection
EndGlobal
